
Microsoft Visual Studio Solution File, Format Version 12.00
# Visual Studio Version 16
VisualStudioVersion = 16.0.32002.261
MinimumVisualStudioVersion = 10.0.40219.1
Project("{FAE04EC0-301F-11D3-BF4B-00C04F79EFBC}") = "ProjectIntegrationRabbit", "ProjectIntegrationRabbit\ProjectIntegrationRabbit.csproj", "{77F7DDD9-CA9A-4A16-8959-2C46FA8D8C69}"
EndProject
Global
	GlobalSection(SolutionConfigurationPlatforms) = preSolution
		Debug|Any CPU = Debug|Any CPU
		Release|Any CPU = Release|Any CPU
	EndGlobalSection
	GlobalSection(ProjectConfigurationPlatforms) = postSolution
		{77F7DDD9-CA9A-4A16-8959-2C46FA8D8C69}.Debug|Any CPU.ActiveCfg = Debug|Any CPU
		{77F7DDD9-CA9A-4A16-8959-2C46FA8D8C69}.Debug|Any CPU.Build.0 = Debug|Any CPU
		{77F7DDD9-CA9A-4A16-8959-2C46FA8D8C69}.Release|Any CPU.ActiveCfg = Release|Any CPU
		{77F7DDD9-CA9A-4A16-8959-2C46FA8D8C69}.Release|Any CPU.Build.0 = Release|Any CPU
	EndGlobalSection
	GlobalSection(SolutionProperties) = preSolution
		HideSolutionNode = FALSE
	EndGlobalSection
	GlobalSection(ExtensibilityGlobals) = postSolution
		SolutionGuid = {27D16EDF-EEEC-47AB-8EA5-5A486132874C}
	EndGlobalSection
EndGlobal
